
Microsoft Visual Studio Solution File, Format Version 12.00
# Visual Studio Version 16
VisualStudioVersion = 16.0.31624.102
MinimumVisualStudioVersion = 10.0.40219.1
Project("{FAE04EC0-301F-11D3-BF4B-00C04F79EFBC}") = "timeloop", "timeloop.csproj", "{37852740-2711-495D-AEDE-FAA12110EA2B}"
EndProject
Global
	GlobalSection(SolutionConfigurationPlatforms) = preSolution
		Debug|Any CPU = Debug|Any CPU
		Release|Any CPU = Release|Any CPU
	EndGlobalSection
	GlobalSection(ProjectConfigurationPlatforms) = postSolution
		{37852740-2711-495D-AEDE-FAA12110EA2B}.Debug|Any CPU.ActiveCfg = Debug|Any CPU
		{37852740-2711-495D-AEDE-FAA12110EA2B}.Debug|Any CPU.Build.0 = Debug|Any CPU
		{37852740-2711-495D-AEDE-FAA12110EA2B}.Release|Any CPU.ActiveCfg = Release|Any CPU
		{37852740-2711-495D-AEDE-FAA12110EA2B}.Release|Any CPU.Build.0 = Release|Any CPU
	EndGlobalSection
	GlobalSection(SolutionProperties) = preSolution
		HideSolutionNode = FALSE
	EndGlobalSection
	GlobalSection(ExtensibilityGlobals) = postSolution
		SolutionGuid = {F94CE6D1-702B-41EF-9173-8FC1FC8309AA}
	EndGlobalSection
EndGlobal
